// !$*UTF8*$!
{
	archiveVersion = 1;
	classes = {
	};
	objectVersion = 46;
	objects = {

/* Begin PBXBuildFile section */
		141821741949B3A900454BD6 /* CodeWars.swift in Sources */ = {isa = PBXBuildFile; fileRef = 141821731949B3A900454BD6 /* CodeWars.swift */; };
		146FF7DE1940B4630025FDED /* main.swift in Sources */ = {isa = PBXBuildFile; fileRef = 146FF7DD1940B4630025FDED /* main.swift */; };
		146FF7EB1940B49C0025FDED /* ArrayExtension.swift in Sources */ = {isa = PBXBuildFile; fileRef = 146FF7E51940B49C0025FDED /* ArrayExtension.swift */; };
		146FF7EC1940B49C0025FDED /* DictionaryExtension.swift in Sources */ = {isa = PBXBuildFile; fileRef = 146FF7E61940B49C0025FDED /* DictionaryExtension.swift */; };
		146FF7ED1940B49C0025FDED /* IntExtension.swift in Sources */ = {isa = PBXBuildFile; fileRef = 146FF7E71940B49C0025FDED /* IntExtension.swift */; };
		146FF7EE1940B49C0025FDED /* LanguageExtensions.swift in Sources */ = {isa = PBXBuildFile; fileRef = 146FF7E81940B49C0025FDED /* LanguageExtensions.swift */; };
		146FF7EF1940B49C0025FDED /* RangeExtension.swift in Sources */ = {isa = PBXBuildFile; fileRef = 146FF7E91940B49C0025FDED /* RangeExtension.swift */; };
		146FF7F01940B49C0025FDED /* StringExtension.swift in Sources */ = {isa = PBXBuildFile; fileRef = 146FF7EA1940B49C0025FDED /* StringExtension.swift */; };
/* End PBXBuildFile section */

/* Begin PBXCopyFilesBuildPhase section */
		146FF7D81940B4630025FDED /* CopyFiles */ = {
			isa = PBXCopyFilesBuildPhase;
			buildActionMask = 2147483647;
			dstPath = /usr/share/man/man1/;
			dstSubfolderSpec = 0;
			files = (
			);
			runOnlyForDeploymentPostprocessing = 1;
		};
/* End PBXCopyFilesBuildPhase section */

/* Begin PBXFileReference section */
		141821731949B3A900454BD6 /* CodeWars.swift */ = {isa = PBXFileReference; fileEncoding = 4; lastKnownFileType = sourcecode.swift; path = CodeWars.swift; sourceTree = "<group>"; };
		146FF7DA1940B4630025FDED /* SwiftRubyExtensions */ = {isa = PBXFileReference; explicitFileType = "compiled.mach-o.executable"; includeInIndex = 0; path = SwiftRubyExtensions; sourceTree = BUILT_PRODUCTS_DIR; };
		146FF7DD1940B4630025FDED /* main.swift */ = {isa = PBXFileReference; lastKnownFileType = sourcecode.swift; path = main.swift; sourceTree = "<group>"; };
		146FF7E51940B49C0025FDED /* ArrayExtension.swift */ = {isa = PBXFileReference; fileEncoding = 4; lastKnownFileType = sourcecode.swift; path = ArrayExtension.swift; sourceTree = "<group>"; };
		146FF7E61940B49C0025FDED /* DictionaryExtension.swift */ = {isa = PBXFileReference; fileEncoding = 4; lastKnownFileType = sourcecode.swift; path = DictionaryExtension.swift; sourceTree = "<group>"; };
		146FF7E71940B49C0025FDED /* IntExtension.swift */ = {isa = PBXFileReference; fileEncoding = 4; lastKnownFileType = sourcecode.swift; path = IntExtension.swift; sourceTree = "<group>"; };
		146FF7E81940B49C0025FDED /* LanguageExtensions.swift */ = {isa = PBXFileReference; fileEncoding = 4; lastKnownFileType = sourcecode.swift; path = LanguageExtensions.swift; sourceTree = "<group>"; };
		146FF7E91940B49C0025FDED /* RangeExtension.swift */ = {isa = PBXFileReference; fileEncoding = 4; lastKnownFileType = sourcecode.swift; path = RangeExtension.swift; sourceTree = "<group>"; };
		146FF7EA1940B49C0025FDED /* StringExtension.swift */ = {isa = PBXFileReference; fileEncoding = 4; lastKnownFileType = sourcecode.swift; path = StringExtension.swift; sourceTree = "<group>"; };
/* End PBXFileReference section */

/* Begin PBXFrameworksBuildPhase section */
		146FF7D71940B4630025FDED /* Frameworks */ = {
			isa = PBXFrameworksBuildPhase;
			buildActionMask = 2147483647;
			files = (
			);
			runOnlyForDeploymentPostprocessing = 0;
		};
/* End PBXFrameworksBuildPhase section */

/* Begin PBXGroup section */
		146FF7D11940B4630025FDED = {
			isa = PBXGroup;
			children = (
				146FF7DC1940B4630025FDED /* SwiftRubyExtensions */,
				146FF7DB1940B4630025FDED /* Products */,
			);
			sourceTree = "<group>";
		};
		146FF7DB1940B4630025FDED /* Products */ = {
			isa = PBXGroup;
			children = (
				146FF7DA1940B4630025FDED /* SwiftRubyExtensions */,
			);
			name = Products;
			sourceTree = "<group>";
		};
		146FF7DC1940B4630025FDED /* SwiftRubyExtensions */ = {
			isa = PBXGroup;
			children = (
				146FF7E41940B49C0025FDED /* LanguageExtensions */,
				146FF7DD1940B4630025FDED /* main.swift */,
				141821731949B3A900454BD6 /* CodeWars.swift */,
			);
			path = SwiftRubyExtensions;
			sourceTree = "<group>";
		};
		146FF7E41940B49C0025FDED /* LanguageExtensions */ = {
			isa = PBXGroup;
			children = (
				146FF7E51940B49C0025FDED /* ArrayExtension.swift */,
				146FF7E61940B49C0025FDED /* DictionaryExtension.swift */,
				146FF7E71940B49C0025FDED /* IntExtension.swift */,
				146FF7E81940B49C0025FDED /* LanguageExtensions.swift */,
				146FF7E91940B49C0025FDED /* RangeExtension.swift */,
				146FF7EA1940B49C0025FDED /* StringExtension.swift */,
			);
			path = LanguageExtensions;
			sourceTree = "<group>";
		};
/* End PBXGroup section */

/* Begin PBXNativeTarget section */
		146FF7D91940B4630025FDED /* SwiftRubyExtensions */ = {
			isa = PBXNativeTarget;
			buildConfigurationList = 146FF7E11940B4630025FDED /* Build configuration list for PBXNativeTarget "SwiftRubyExtensions" */;
			buildPhases = (
				146FF7D61940B4630025FDED /* Sources */,
				146FF7D71940B4630025FDED /* Frameworks */,
				146FF7D81940B4630025FDED /* CopyFiles */,
			);
			buildRules = (
			);
			dependencies = (
			);
			name = SwiftRubyExtensions;
			productName = SwiftRubyExtensions;
			productReference = 146FF7DA1940B4630025FDED /* SwiftRubyExtensions */;
			productType = "com.apple.product-type.tool";
		};
/* End PBXNativeTarget section */

/* Begin PBXProject section */
		146FF7D21940B4630025FDED /* Project object */ = {
			isa = PBXProject;
			attributes = {
				LastUpgradeCheck = 0600;
				ORGANIZATIONNAME = Rakesh;
				TargetAttributes = {
					146FF7D91940B4630025FDED = {
						CreatedOnToolsVersion = 6.0;
					};
				};
			};
			buildConfigurationList = 146FF7D51940B4630025FDED /* Build configuration list for PBXProject "SwiftRubyExtensions" */;
			compatibilityVersion = "Xcode 3.2";
			developmentRegion = English;
			hasScannedForEncodings = 0;
			knownRegions = (
				en,
			);
			mainGroup = 146FF7D11940B4630025FDED;
			productRefGroup = 146FF7DB1940B4630025FDED /* Products */;
			projectDirPath = "";
			projectRoot = "";
			targets = (
				146FF7D91940B4630025FDED /* SwiftRubyExtensions */,
			);
		};
/* End PBXProject section */

/* Begin PBXSourcesBuildPhase section */
		146FF7D61940B4630025FDED /* Sources */ = {
			isa = PBXSourcesBuildPhase;
			buildActionMask = 2147483647;
			files = (
				146FF7EE1940B49C0025FDED /* LanguageExtensions.swift in Sources */,
				141821741949B3A900454BD6 /* CodeWars.swift in Sources */,
				146FF7F01940B49C0025FDED /* StringExtension.swift in Sources */,
				146FF7EC1940B49C0025FDED /* DictionaryExtension.swift in Sources */,
				146FF7ED1940B49C0025FDED /* IntExtension.swift in Sources */,
				146FF7EF1940B49C0025FDED /* RangeExtension.swift in Sources */,
				146FF7DE1940B4630025FDED /* main.swift in Sources */,
				146FF7EB1940B49C0025FDED /* ArrayExtension.swift in Sources */,
			);
			runOnlyForDeploymentPostprocessing = 0;
		};
/* End PBXSourcesBuildPhase section */

/* Begin XCBuildConfiguration section */
		146FF7DF1940B4630025FDED /* Debug */ = {
			isa = XCBuildConfiguration;
			buildSettings = {
				ALWAYS_SEARCH_USER_PATHS = NO;
				CLANG_CXX_LANGUAGE_STANDARD = "gnu++0x";
				CLANG_CXX_LIBRARY = "libc++";
				CLANG_ENABLE_MODULES = YES;
				CLANG_ENABLE_OBJC_ARC = YES;
				CLANG_WARN_BOOL_CONVERSION = YES;
				CLANG_WARN_CONSTANT_CONVERSION = YES;
				CLANG_WARN_DIRECT_OBJC_ISA_USAGE = YES_ERROR;
				CLANG_WARN_EMPTY_BODY = YES;
				CLANG_WARN_ENUM_CONVERSION = YES;
				CLANG_WARN_INT_CONVERSION = YES;
				CLANG_WARN_OBJC_ROOT_CLASS = YES_ERROR;
				CLANG_WARN_UNREACHABLE_CODE = YES;
				CLANG_WARN__DUPLICATE_METHOD_MATCH = YES;
				COPY_PHASE_STRIP = NO;
				ENABLE_STRICT_OBJC_MSGSEND = YES;
				GCC_C_LANGUAGE_STANDARD = gnu99;
				GCC_DYNAMIC_NO_PIC = NO;
				GCC_OPTIMIZATION_LEVEL = 0;
				GCC_PREPROCESSOR_DEFINITIONS = (
					"DEBUG=1",
					"$(inherited)",
				);
				GCC_SYMBOLS_PRIVATE_EXTERN = NO;
				GCC_WARN_64_TO_32_BIT_CONVERSION = YES;
				GCC_WARN_ABOUT_RETURN_TYPE = YES_ERROR;
				GCC_WARN_UNDECLARED_SELECTOR = YES;
				GCC_WARN_UNINITIALIZED_AUTOS = YES_AGGRESSIVE;
				GCC_WARN_UNUSED_FUNCTION = YES;
				GCC_WARN_UNUSED_VARIABLE = YES;
				MACOSX_DEPLOYMENT_TARGET = 10.9;
				METAL_ENABLE_DEBUG_INFO = YES;
				ONLY_ACTIVE_ARCH = YES;
				SDKROOT = macosx;
				SWIFT_OPTIMIZATION_LEVEL = "-Onone";
			};
			name = Debug;
		};
		146FF7E01940B4630025FDED /* Release */ = {
			isa = XCBuildConfiguration;
			buildSettings = {
				ALWAYS_SEARCH_USER_PATHS = NO;
				CLANG_CXX_LANGUAGE_STANDARD = "gnu++0x";
				CLANG_CXX_LIBRARY = "libc++";
				CLANG_ENABLE_MODULES = YES;
				CLANG_ENABLE_OBJC_ARC = YES;
				CLANG_WARN_BOOL_CONVERSION = YES;
				CLANG_WARN_CONSTANT_CONVERSION = YES;
				CLANG_WARN_DIRECT_OBJC_ISA_USAGE = YES_ERROR;
				CLANG_WARN_EMPTY_BODY = YES;
				CLANG_WARN_ENUM_CONVERSION = YES;
				CLANG_WARN_INT_CONVERSION = YES;
				CLANG_WARN_OBJC_ROOT_CLASS = YES_ERROR;
				CLANG_WARN_UNREACHABLE_CODE = YES;
				CLANG_WARN__DUPLICATE_METHOD_MATCH = YES;
				COPY_PHASE_STRIP = YES;
				DEBUG_INFORMATION_FORMAT = "dwarf-with-dsym";
				ENABLE_NS_ASSERTIONS = NO;
				ENABLE_STRICT_OBJC_MSGSEND = YES;
				GCC_C_LANGUAGE_STANDARD = gnu99;
				GCC_WARN_64_TO_32_BIT_CONVERSION = YES;
				GCC_WARN_ABOUT_RETURN_TYPE = YES_ERROR;
				GCC_WARN_UNDECLARED_SELECTOR = YES;
				GCC_WARN_UNINITIALIZED_AUTOS = YES_AGGRESSIVE;
				GCC_WARN_UNUSED_FUNCTION = YES;
				GCC_WARN_UNUSED_VARIABLE = YES;
				MACOSX_DEPLOYMENT_TARGET = 10.9;
				METAL_ENABLE_DEBUG_INFO = NO;
				SDKROOT = macosx;
			};
			name = Release;
		};
		146FF7E21940B4630025FDED /* Debug */ = {
			isa = XCBuildConfiguration;
			buildSettings = {
				PRODUCT_NAME = "$(TARGET_NAME)";
			};
			name = Debug;
		};
		146FF7E31940B4630025FDED /* Release */ = {
			isa = XCBuildConfiguration;
			buildSettings = {
				PRODUCT_NAME = "$(TARGET_NAME)";
			};
			name = Release;
		};
/* End XCBuildConfiguration section */

/* Begin XCConfigurationList section */
		146FF7D51940B4630025FDED /* Build configuration list for PBXProject "SwiftRubyExtensions" */ = {
			isa = XCConfigurationList;
			buildConfigurations = (
				146FF7DF1940B4630025FDED /* Debug */,
				146FF7E01940B4630025FDED /* Release */,
			);
			defaultConfigurationIsVisible = 0;
			defaultConfigurationName = Release;
		};
		146FF7E11940B4630025FDED /* Build configuration list for PBXNativeTarget "SwiftRubyExtensions" */ = {
			isa = XCConfigurationList;
			buildConfigurations = (
				146FF7E21940B4630025FDED /* Debug */,
				146FF7E31940B4630025FDED /* Release */,
			);
			defaultConfigurationIsVisible = 0;
			defaultConfigurationName = Release;
		};
/* End XCConfigurationList section */
	};
	rootObject = 146FF7D21940B4630025FDED /* Project object */;
}
